// !$*UTF8*$!
{
	archiveVersion = 1;
	classes = {
	};
	objectVersion = 56;
	objects = {

/* Begin PBXBuildFile section */
		932DB9F72A1FDB1000CA682E /* BigOutlineButton.swift in Sources */ = {isa = PBXBuildFile; fileRef = 932DB9F62A1FDB1000CA682E /* BigOutlineButton.swift */; };
		934835902A1E868400FEA301 /* HabitaApp.swift in Sources */ = {isa = PBXBuildFile; fileRef = 9348358F2A1E868400FEA301 /* HabitaApp.swift */; };
		934835922A1E868400FEA301 /* ContentView.swift in Sources */ = {isa = PBXBuildFile; fileRef = 934835912A1E868400FEA301 /* ContentView.swift */; };
		934835942A1E868500FEA301 /* Assets.xcassets in Resources */ = {isa = PBXBuildFile; fileRef = 934835932A1E868500FEA301 /* Assets.xcassets */; };
		934835972A1E868500FEA301 /* Preview Assets.xcassets in Resources */ = {isa = PBXBuildFile; fileRef = 934835962A1E868500FEA301 /* Preview Assets.xcassets */; };
		934835A22A1EAB1200FEA301 /* BigNormalButton.swift in Sources */ = {isa = PBXBuildFile; fileRef = 934835A12A1EAB1200FEA301 /* BigNormalButton.swift */; };
		934835A52A1EBD0100FEA301 /* MediumNormalButton.swift in Sources */ = {isa = PBXBuildFile; fileRef = 934835A42A1EBD0100FEA301 /* MediumNormalButton.swift */; };
		934835A72A1EC24600FEA301 /* SmallNormalButton.swift in Sources */ = {isa = PBXBuildFile; fileRef = 934835A62A1EC24600FEA301 /* SmallNormalButton.swift */; };
/* End PBXBuildFile section */

/* Begin PBXFileReference section */
		932DB9F62A1FDB1000CA682E /* BigOutlineButton.swift */ = {isa = PBXFileReference; lastKnownFileType = sourcecode.swift; path = BigOutlineButton.swift; sourceTree = "<group>"; };
		9348358C2A1E868400FEA301 /* Habita.app */ = {isa = PBXFileReference; explicitFileType = wrapper.application; includeInIndex = 0; path = Habita.app; sourceTree = BUILT_PRODUCTS_DIR; };
		9348358F2A1E868400FEA301 /* HabitaApp.swift */ = {isa = PBXFileReference; lastKnownFileType = sourcecode.swift; path = HabitaApp.swift; sourceTree = "<group>"; };
		934835912A1E868400FEA301 /* ContentView.swift */ = {isa = PBXFileReference; lastKnownFileType = sourcecode.swift; path = ContentView.swift; sourceTree = "<group>"; };
		934835932A1E868500FEA301 /* Assets.xcassets */ = {isa = PBXFileReference; lastKnownFileType = folder.assetcatalog; path = Assets.xcassets; sourceTree = "<group>"; };
		934835962A1E868500FEA301 /* Preview Assets.xcassets */ = {isa = PBXFileReference; lastKnownFileType = folder.assetcatalog; path = "Preview Assets.xcassets"; sourceTree = "<group>"; };
		934835A12A1EAB1200FEA301 /* BigNormalButton.swift */ = {isa = PBXFileReference; lastKnownFileType = sourcecode.swift; path = BigNormalButton.swift; sourceTree = "<group>"; };
		934835A42A1EBD0100FEA301 /* MediumNormalButton.swift */ = {isa = PBXFileReference; lastKnownFileType = sourcecode.swift; path = MediumNormalButton.swift; sourceTree = "<group>"; };
		934835A62A1EC24600FEA301 /* SmallNormalButton.swift */ = {isa = PBXFileReference; lastKnownFileType = sourcecode.swift; path = SmallNormalButton.swift; sourceTree = "<group>"; };
/* End PBXFileReference section */

/* Begin PBXFrameworksBuildPhase section */
		934835892A1E868400FEA301 /* Frameworks */ = {
			isa = PBXFrameworksBuildPhase;
			buildActionMask = 2147483647;
			files = (
			);
			runOnlyForDeploymentPostprocessing = 0;
		};
/* End PBXFrameworksBuildPhase section */

/* Begin PBXGroup section */
		934835832A1E868400FEA301 = {
			isa = PBXGroup;
			children = (
				9348358E2A1E868400FEA301 /* Habita */,
				9348358D2A1E868400FEA301 /* Products */,
			);
			sourceTree = "<group>";
		};
		9348358D2A1E868400FEA301 /* Products */ = {
			isa = PBXGroup;
			children = (
				9348358C2A1E868400FEA301 /* Habita.app */,
			);
			name = Products;
			sourceTree = "<group>";
		};
		9348358E2A1E868400FEA301 /* Habita */ = {
			isa = PBXGroup;
			children = (
				934835A32A1EAB2600FEA301 /* Components */,
				9348359F2A1E8CC600FEA301 /* ViewModel */,
				9348359E2A1E8CC000FEA301 /* View */,
				9348359D2A1E8CB500FEA301 /* Model */,
				9348358F2A1E868400FEA301 /* HabitaApp.swift */,
				934835912A1E868400FEA301 /* ContentView.swift */,
				934835932A1E868500FEA301 /* Assets.xcassets */,
				934835952A1E868500FEA301 /* Preview Content */,
			);
			path = Habita;
			sourceTree = "<group>";
		};
		934835952A1E868500FEA301 /* Preview Content */ = {
			isa = PBXGroup;
			children = (
				934835962A1E868500FEA301 /* Preview Assets.xcassets */,
			);
			path = "Preview Content";
			sourceTree = "<group>";
		};
		9348359D2A1E8CB500FEA301 /* Model */ = {
			isa = PBXGroup;
			children = (
			);
			path = Model;
			sourceTree = "<group>";
		};
		9348359E2A1E8CC000FEA301 /* View */ = {
			isa = PBXGroup;
			children = (
			);
			path = View;
			sourceTree = "<group>";
		};
		9348359F2A1E8CC600FEA301 /* ViewModel */ = {
			isa = PBXGroup;
			children = (
			);
			path = ViewModel;
			sourceTree = "<group>";
		};
		934835A02A1EAAC900FEA301 /* Buttons */ = {
			isa = PBXGroup;
			children = (
				934835A12A1EAB1200FEA301 /* BigNormalButton.swift */,
				934835A42A1EBD0100FEA301 /* MediumNormalButton.swift */,
				934835A62A1EC24600FEA301 /* SmallNormalButton.swift */,
				932DB9F62A1FDB1000CA682E /* BigOutlineButton.swift */,
			);
			path = Buttons;
			sourceTree = "<group>";
		};
		934835A32A1EAB2600FEA301 /* Components */ = {
			isa = PBXGroup;
			children = (
				934835A02A1EAAC900FEA301 /* Buttons */,
			);
			path = Components;
			sourceTree = "<group>";
		};
/* End PBXGroup section */

/* Begin PBXNativeTarget section */
		9348358B2A1E868400FEA301 /* Habita */ = {
			isa = PBXNativeTarget;
			buildConfigurationList = 9348359A2A1E868500FEA301 /* Build configuration list for PBXNativeTarget "Habita" */;
			buildPhases = (
				934835882A1E868400FEA301 /* Sources */,
				934835892A1E868400FEA301 /* Frameworks */,
				9348358A2A1E868400FEA301 /* Resources */,
			);
			buildRules = (
			);
			dependencies = (
			);
			name = Habita;
			productName = Habita;
			productReference = 9348358C2A1E868400FEA301 /* Habita.app */;
			productType = "com.apple.product-type.application";
		};
/* End PBXNativeTarget section */

/* Begin PBXProject section */
		934835842A1E868400FEA301 /* Project object */ = {
			isa = PBXProject;
			attributes = {
				BuildIndependentTargetsInParallel = 1;
				LastSwiftUpdateCheck = 1430;
				LastUpgradeCheck = 1430;
				TargetAttributes = {
					9348358B2A1E868400FEA301 = {
						CreatedOnToolsVersion = 14.3;
					};
				};
			};
			buildConfigurationList = 934835872A1E868400FEA301 /* Build configuration list for PBXProject "Habita" */;
			compatibilityVersion = "Xcode 14.0";
			developmentRegion = en;
			hasScannedForEncodings = 0;
			knownRegions = (
				en,
				Base,
			);
			mainGroup = 934835832A1E868400FEA301;
			productRefGroup = 9348358D2A1E868400FEA301 /* Products */;
			projectDirPath = "";
			projectRoot = "";
			targets = (
				9348358B2A1E868400FEA301 /* Habita */,
			);
		};
/* End PBXProject section */

/* Begin PBXResourcesBuildPhase section */
		9348358A2A1E868400FEA301 /* Resources */ = {
			isa = PBXResourcesBuildPhase;
			buildActionMask = 2147483647;
			files = (
				934835972A1E868500FEA301 /* Preview Assets.xcassets in Resources */,
				934835942A1E868500FEA301 /* Assets.xcassets in Resources */,
			);
			runOnlyForDeploymentPostprocessing = 0;
		};
/* End PBXResourcesBuildPhase section */

/* Begin PBXSourcesBuildPhase section */
		934835882A1E868400FEA301 /* Sources */ = {
			isa = PBXSourcesBuildPhase;
			buildActionMask = 2147483647;
			files = (
				934835922A1E868400FEA301 /* ContentView.swift in Sources */,
				932DB9F72A1FDB1000CA682E /* BigOutlineButton.swift in Sources */,
				934835A52A1EBD0100FEA301 /* MediumNormalButton.swift in Sources */,
				934835A22A1EAB1200FEA301 /* BigNormalButton.swift in Sources */,
				934835A72A1EC24600FEA301 /* SmallNormalButton.swift in Sources */,
				934835902A1E868400FEA301 /* HabitaApp.swift in Sources */,
			);
			runOnlyForDeploymentPostprocessing = 0;
		};
/* End PBXSourcesBuildPhase section */

/* Begin XCBuildConfiguration section */
		934835982A1E868500FEA301 /* Debug */ = {
			isa = XCBuildConfiguration;
			buildSettings = {
				ALWAYS_SEARCH_USER_PATHS = NO;
				CLANG_ANALYZER_NONNULL = YES;
				CLANG_ANALYZER_NUMBER_OBJECT_CONVERSION = YES_AGGRESSIVE;
				CLANG_CXX_LANGUAGE_STANDARD = "gnu++20";
				CLANG_ENABLE_MODULES = YES;
				CLANG_ENABLE_OBJC_ARC = YES;
				CLANG_ENABLE_OBJC_WEAK = YES;
				CLANG_WARN_BLOCK_CAPTURE_AUTORELEASING = YES;
				CLANG_WARN_BOOL_CONVERSION = YES;
				CLANG_WARN_COMMA = YES;
				CLANG_WARN_CONSTANT_CONVERSION = YES;
				CLANG_WARN_DEPRECATED_OBJC_IMPLEMENTATIONS = YES;
				CLANG_WARN_DIRECT_OBJC_ISA_USAGE = YES_ERROR;
				CLANG_WARN_DOCUMENTATION_COMMENTS = YES;
				CLANG_WARN_EMPTY_BODY = YES;
				CLANG_WARN_ENUM_CONVERSION = YES;
				CLANG_WARN_INFINITE_RECURSION = YES;
				CLANG_WARN_INT_CONVERSION = YES;
				CLANG_WARN_NON_LITERAL_NULL_CONVERSION = YES;
				CLANG_WARN_OBJC_IMPLICIT_RETAIN_SELF = YES;
				CLANG_WARN_OBJC_LITERAL_CONVERSION = YES;
				CLANG_WARN_OBJC_ROOT_CLASS = YES_ERROR;
				CLANG_WARN_QUOTED_INCLUDE_IN_FRAMEWORK_HEADER = YES;
				CLANG_WARN_RANGE_LOOP_ANALYSIS = YES;
				CLANG_WARN_STRICT_PROTOTYPES = YES;
				CLANG_WARN_SUSPICIOUS_MOVE = YES;
				CLANG_WARN_UNGUARDED_AVAILABILITY = YES_AGGRESSIVE;
				CLANG_WARN_UNREACHABLE_CODE = YES;
				CLANG_WARN__DUPLICATE_METHOD_MATCH = YES;
				COPY_PHASE_STRIP = NO;
				DEBUG_INFORMATION_FORMAT = dwarf;
				ENABLE_STRICT_OBJC_MSGSEND = YES;
				ENABLE_TESTABILITY = YES;
				GCC_C_LANGUAGE_STANDARD = gnu11;
				GCC_DYNAMIC_NO_PIC = NO;
				GCC_NO_COMMON_BLOCKS = YES;
				GCC_OPTIMIZATION_LEVEL = 0;
				GCC_PREPROCESSOR_DEFINITIONS = (
					"DEBUG=1",
					"$(inherited)",
				);
				GCC_WARN_64_TO_32_BIT_CONVERSION = YES;
				GCC_WARN_ABOUT_RETURN_TYPE = YES_ERROR;
				GCC_WARN_UNDECLARED_SELECTOR = YES;
				GCC_WARN_UNINITIALIZED_AUTOS = YES_AGGRESSIVE;
				GCC_WARN_UNUSED_FUNCTION = YES;
				GCC_WARN_UNUSED_VARIABLE = YES;
				IPHONEOS_DEPLOYMENT_TARGET = 16.4;
				MTL_ENABLE_DEBUG_INFO = INCLUDE_SOURCE;
				MTL_FAST_MATH = YES;
				ONLY_ACTIVE_ARCH = YES;
				SDKROOT = iphoneos;
				SWIFT_ACTIVE_COMPILATION_CONDITIONS = DEBUG;
				SWIFT_OPTIMIZATION_LEVEL = "-Onone";
			};
			name = Debug;
		};
		934835992A1E868500FEA301 /* Release */ = {
			isa = XCBuildConfiguration;
			buildSettings = {
				ALWAYS_SEARCH_USER_PATHS = NO;
				CLANG_ANALYZER_NONNULL = YES;
				CLANG_ANALYZER_NUMBER_OBJECT_CONVERSION = YES_AGGRESSIVE;
				CLANG_CXX_LANGUAGE_STANDARD = "gnu++20";
				CLANG_ENABLE_MODULES = YES;
				CLANG_ENABLE_OBJC_ARC = YES;
				CLANG_ENABLE_OBJC_WEAK = YES;
				CLANG_WARN_BLOCK_CAPTURE_AUTORELEASING = YES;
				CLANG_WARN_BOOL_CONVERSION = YES;
				CLANG_WARN_COMMA = YES;
				CLANG_WARN_CONSTANT_CONVERSION = YES;
				CLANG_WARN_DEPRECATED_OBJC_IMPLEMENTATIONS = YES;
				CLANG_WARN_DIRECT_OBJC_ISA_USAGE = YES_ERROR;
				CLANG_WARN_DOCUMENTATION_COMMENTS = YES;
				CLANG_WARN_EMPTY_BODY = YES;
				CLANG_WARN_ENUM_CONVERSION = YES;
				CLANG_WARN_INFINITE_RECURSION = YES;
				CLANG_WARN_INT_CONVERSION = YES;
				CLANG_WARN_NON_LITERAL_NULL_CONVERSION = YES;
				CLANG_WARN_OBJC_IMPLICIT_RETAIN_SELF = YES;
				CLANG_WARN_OBJC_LITERAL_CONVERSION = YES;
				CLANG_WARN_OBJC_ROOT_CLASS = YES_ERROR;
				CLANG_WARN_QUOTED_INCLUDE_IN_FRAMEWORK_HEADER = YES;
				CLANG_WARN_RANGE_LOOP_ANALYSIS = YES;
				CLANG_WARN_STRICT_PROTOTYPES = YES;
				CLANG_WARN_SUSPICIOUS_MOVE = YES;
				CLANG_WARN_UNGUARDED_AVAILABILITY = YES_AGGRESSIVE;
				CLANG_WARN_UNREACHABLE_CODE = YES;
				CLANG_WARN__DUPLICATE_METHOD_MATCH = YES;
				COPY_PHASE_STRIP = NO;
				DEBUG_INFORMATION_FORMAT = "dwarf-with-dsym";
				ENABLE_NS_ASSERTIONS = NO;
				ENABLE_STRICT_OBJC_MSGSEND = YES;
				GCC_C_LANGUAGE_STANDARD = gnu11;
				GCC_NO_COMMON_BLOCKS = YES;
				GCC_WARN_64_TO_32_BIT_CONVERSION = YES;
				GCC_WARN_ABOUT_RETURN_TYPE = YES_ERROR;
				GCC_WARN_UNDECLARED_SELECTOR = YES;
				GCC_WARN_UNINITIALIZED_AUTOS = YES_AGGRESSIVE;
				GCC_WARN_UNUSED_FUNCTION = YES;
				GCC_WARN_UNUSED_VARIABLE = YES;
				IPHONEOS_DEPLOYMENT_TARGET = 16.4;
				MTL_ENABLE_DEBUG_INFO = NO;
				MTL_FAST_MATH = YES;
				SDKROOT = iphoneos;
				SWIFT_COMPILATION_MODE = wholemodule;
				SWIFT_OPTIMIZATION_LEVEL = "-O";
				VALIDATE_PRODUCT = YES;
			};
			name = Release;
		};
		9348359B2A1E868500FEA301 /* Debug */ = {
			isa = XCBuildConfiguration;
			buildSettings = {
				ASSETCATALOG_COMPILER_APPICON_NAME = AppIcon;
				ASSETCATALOG_COMPILER_GLOBAL_ACCENT_COLOR_NAME = AccentColor;
				CODE_SIGN_STYLE = Automatic;
				CURRENT_PROJECT_VERSION = 1;
				DEVELOPMENT_ASSET_PATHS = "\"Habita/Preview Content\"";
				DEVELOPMENT_TEAM = 2WUBK8ZL5T;
				ENABLE_PREVIEWS = YES;
				GENERATE_INFOPLIST_FILE = YES;
				INFOPLIST_KEY_UIApplicationSceneManifest_Generation = YES;
				INFOPLIST_KEY_UIApplicationSupportsIndirectInputEvents = YES;
				INFOPLIST_KEY_UILaunchScreen_Generation = YES;
				INFOPLIST_KEY_UISupportedInterfaceOrientations_iPad = "UIInterfaceOrientationPortrait UIInterfaceOrientationPortraitUpsideDown UIInterfaceOrientationLandscapeLeft UIInterfaceOrientationLandscapeRight";
				INFOPLIST_KEY_UISupportedInterfaceOrientations_iPhone = "UIInterfaceOrientationPortrait UIInterfaceOrientationLandscapeLeft UIInterfaceOrientationLandscapeRight";
				LD_RUNPATH_SEARCH_PATHS = (
					"$(inherited)",
					"@executable_path/Frameworks",
				);
				MARKETING_VERSION = 1.0;
				PRODUCT_BUNDLE_IDENTIFIER = danielly.Habita;
				PRODUCT_NAME = "$(TARGET_NAME)";
				SWIFT_EMIT_LOC_STRINGS = YES;
				SWIFT_VERSION = 5.0;
				TARGETED_DEVICE_FAMILY = "1,2";
			};
			name = Debug;
		};
		9348359C2A1E868500FEA301 /* Release */ = {
			isa = XCBuildConfiguration;
			buildSettings = {
				ASSETCATALOG_COMPILER_APPICON_NAME = AppIcon;
				ASSETCATALOG_COMPILER_GLOBAL_ACCENT_COLOR_NAME = AccentColor;
				CODE_SIGN_STYLE = Automatic;
				CURRENT_PROJECT_VERSION = 1;
				DEVELOPMENT_ASSET_PATHS = "\"Habita/Preview Content\"";
				DEVELOPMENT_TEAM = 2WUBK8ZL5T;
				ENABLE_PREVIEWS = YES;
				GENERATE_INFOPLIST_FILE = YES;
				INFOPLIST_KEY_UIApplicationSceneManifest_Generation = YES;
				INFOPLIST_KEY_UIApplicationSupportsIndirectInputEvents = YES;
				INFOPLIST_KEY_UILaunchScreen_Generation = YES;
				INFOPLIST_KEY_UISupportedInterfaceOrientations_iPad = "UIInterfaceOrientationPortrait UIInterfaceOrientationPortraitUpsideDown UIInterfaceOrientationLandscapeLeft UIInterfaceOrientationLandscapeRight";
				INFOPLIST_KEY_UISupportedInterfaceOrientations_iPhone = "UIInterfaceOrientationPortrait UIInterfaceOrientationLandscapeLeft UIInterfaceOrientationLandscapeRight";
				LD_RUNPATH_SEARCH_PATHS = (
					"$(inherited)",
					"@executable_path/Frameworks",
				);
				MARKETING_VERSION = 1.0;
				PRODUCT_BUNDLE_IDENTIFIER = danielly.Habita;
				PRODUCT_NAME = "$(TARGET_NAME)";
				SWIFT_EMIT_LOC_STRINGS = YES;
				SWIFT_VERSION = 5.0;
				TARGETED_DEVICE_FAMILY = "1,2";
			};
			name = Release;
		};
/* End XCBuildConfiguration section */

/* Begin XCConfigurationList section */
		934835872A1E868400FEA301 /* Build configuration list for PBXProject "Habita" */ = {
			isa = XCConfigurationList;
			buildConfigurations = (
				934835982A1E868500FEA301 /* Debug */,
				934835992A1E868500FEA301 /* Release */,
			);
			defaultConfigurationIsVisible = 0;
			defaultConfigurationName = Release;
		};
		9348359A2A1E868500FEA301 /* Build configuration list for PBXNativeTarget "Habita" */ = {
			isa = XCConfigurationList;
			buildConfigurations = (
				9348359B2A1E868500FEA301 /* Debug */,
				9348359C2A1E868500FEA301 /* Release */,
			);
			defaultConfigurationIsVisible = 0;
			defaultConfigurationName = Release;
		};
/* End XCConfigurationList section */
	};
	rootObject = 934835842A1E868400FEA301 /* Project object */;
}
