// !$*UTF8*$!
{
	archiveVersion = 1;
	classes = {
	};
	objectVersion = 56;
	objects = {

/* Begin PBXBuildFile section */
		932DB9F72A1FDB1000CA682E /* BigOutlineButton.swift in Sources */ = {isa = PBXBuildFile; fileRef = 932DB9F62A1FDB1000CA682E /* BigOutlineButton.swift */; };
		932DB9F92A1FE25F00CA682E /* MediumOutlineButton.swift in Sources */ = {isa = PBXBuildFile; fileRef = 932DB9F82A1FE25F00CA682E /* MediumOutlineButton.swift */; };
		932DB9FD2A1FEBC800CA682E /* SmallOutlineButton.swift in Sources */ = {isa = PBXBuildFile; fileRef = 932DB9FC2A1FEBC800CA682E /* SmallOutlineButton.swift */; };
		9347DD7D2A3CDA25002DD841 /* PropertyCode.swift in Sources */ = {isa = PBXBuildFile; fileRef = 9347DD7C2A3CDA25002DD841 /* PropertyCode.swift */; };
		934835902A1E868400FEA301 /* HabitaApp.swift in Sources */ = {isa = PBXBuildFile; fileRef = 9348358F2A1E868400FEA301 /* HabitaApp.swift */; };
		934835922A1E868400FEA301 /* ContentView.swift in Sources */ = {isa = PBXBuildFile; fileRef = 934835912A1E868400FEA301 /* ContentView.swift */; };
		934835942A1E868500FEA301 /* Assets.xcassets in Resources */ = {isa = PBXBuildFile; fileRef = 934835932A1E868500FEA301 /* Assets.xcassets */; };
		934835972A1E868500FEA301 /* Preview Assets.xcassets in Resources */ = {isa = PBXBuildFile; fileRef = 934835962A1E868500FEA301 /* Preview Assets.xcassets */; };
		934835A22A1EAB1200FEA301 /* BigNormalButton.swift in Sources */ = {isa = PBXBuildFile; fileRef = 934835A12A1EAB1200FEA301 /* BigNormalButton.swift */; };
		934835A52A1EBD0100FEA301 /* MediumNormalButton.swift in Sources */ = {isa = PBXBuildFile; fileRef = 934835A42A1EBD0100FEA301 /* MediumNormalButton.swift */; };
		934835A72A1EC24600FEA301 /* SmallNormalButton.swift in Sources */ = {isa = PBXBuildFile; fileRef = 934835A62A1EC24600FEA301 /* SmallNormalButton.swift */; };
		938E9ED02A4B54FD00731AB9 /* BigFavoritesCard.swift in Sources */ = {isa = PBXBuildFile; fileRef = 938E9ECF2A4B54FD00731AB9 /* BigFavoritesCard.swift */; };
		938E9ED22A4B5F2F00731AB9 /* SmallProposalsCard.swift in Sources */ = {isa = PBXBuildFile; fileRef = 938E9ED12A4B5F2F00731AB9 /* SmallProposalsCard.swift */; };
		939600112A3B8BF60023337E /* AmentiesCard.swift in Sources */ = {isa = PBXBuildFile; fileRef = 939600102A3B8BF60023337E /* AmentiesCard.swift */; };
		939600132A3B9A640023337E /* BigMainCard.swift in Sources */ = {isa = PBXBuildFile; fileRef = 939600122A3B9A640023337E /* BigMainCard.swift */; };
		93AF02822A53302200486DC3 /* AveragePropertyListCard.swift in Sources */ = {isa = PBXBuildFile; fileRef = 93AF02812A53302200486DC3 /* AveragePropertyListCard.swift */; };
		93AF02852A533BF900486DC3 /* LargeInputTextField.swift in Sources */ = {isa = PBXBuildFile; fileRef = 93AF02842A533BF900486DC3 /* LargeInputTextField.swift */; };
		93D2871C2A265AEE00325143 /* RadioButton.swift in Sources */ = {isa = PBXBuildFile; fileRef = 93D2871B2A265AEE00325143 /* RadioButton.swift */; };
		93D2871F2A265CB600325143 /* BigListOfValuesCard.swift in Sources */ = {isa = PBXBuildFile; fileRef = 93D2871E2A265CB600325143 /* BigListOfValuesCard.swift */; };
		93E49CF42A3C8E4200D2D7C2 /* BigVisitsCard.swift in Sources */ = {isa = PBXBuildFile; fileRef = 93E49CF32A3C8E4200D2D7C2 /* BigVisitsCard.swift */; };
		93E49CF62A3C929000D2D7C2 /* ShareButton.swift in Sources */ = {isa = PBXBuildFile; fileRef = 93E49CF52A3C929000D2D7C2 /* ShareButton.swift */; };
		93E49CF82A3C955F00D2D7C2 /* ProposalButton.swift in Sources */ = {isa = PBXBuildFile; fileRef = 93E49CF72A3C955F00D2D7C2 /* ProposalButton.swift */; };
		93ED64FA2A250EF000E6C29C /* ActionAllButton.swift in Sources */ = {isa = PBXBuildFile; fileRef = 93ED64F92A250EF000E6C29C /* ActionAllButton.swift */; };
		93ED64FC2A25138A00E6C29C /* IconsModel.swift in Sources */ = {isa = PBXBuildFile; fileRef = 93ED64FB2A25138A00E6C29C /* IconsModel.swift */; };
		93ED65002A251EF000E6C29C /* FavoriteButton.swift in Sources */ = {isa = PBXBuildFile; fileRef = 93ED64FF2A251EF000E6C29C /* FavoriteButton.swift */; };
		93ED65032A2527B200E6C29C /* CheckBoxButton.swift in Sources */ = {isa = PBXBuildFile; fileRef = 93ED65022A2527B200E6C29C /* CheckBoxButton.swift */; };
/* End PBXBuildFile section */

/* Begin PBXFileReference section */
		932DB9F62A1FDB1000CA682E /* BigOutlineButton.swift */ = {isa = PBXFileReference; lastKnownFileType = sourcecode.swift; path = BigOutlineButton.swift; sourceTree = "<group>"; };
		932DB9F82A1FE25F00CA682E /* MediumOutlineButton.swift */ = {isa = PBXFileReference; lastKnownFileType = sourcecode.swift; path = MediumOutlineButton.swift; sourceTree = "<group>"; };
		932DB9FC2A1FEBC800CA682E /* SmallOutlineButton.swift */ = {isa = PBXFileReference; lastKnownFileType = sourcecode.swift; path = SmallOutlineButton.swift; sourceTree = "<group>"; };
		9347DD7C2A3CDA25002DD841 /* PropertyCode.swift */ = {isa = PBXFileReference; lastKnownFileType = sourcecode.swift; path = PropertyCode.swift; sourceTree = "<group>"; };
		9348358C2A1E868400FEA301 /* Habita.app */ = {isa = PBXFileReference; explicitFileType = wrapper.application; includeInIndex = 0; path = Habita.app; sourceTree = BUILT_PRODUCTS_DIR; };
		9348358F2A1E868400FEA301 /* HabitaApp.swift */ = {isa = PBXFileReference; lastKnownFileType = sourcecode.swift; path = HabitaApp.swift; sourceTree = "<group>"; };
		934835912A1E868400FEA301 /* ContentView.swift */ = {isa = PBXFileReference; lastKnownFileType = sourcecode.swift; path = ContentView.swift; sourceTree = "<group>"; };
		934835932A1E868500FEA301 /* Assets.xcassets */ = {isa = PBXFileReference; lastKnownFileType = folder.assetcatalog; path = Assets.xcassets; sourceTree = "<group>"; };
		934835962A1E868500FEA301 /* Preview Assets.xcassets */ = {isa = PBXFileReference; lastKnownFileType = folder.assetcatalog; path = "Preview Assets.xcassets"; sourceTree = "<group>"; };
		934835A12A1EAB1200FEA301 /* BigNormalButton.swift */ = {isa = PBXFileReference; lastKnownFileType = sourcecode.swift; path = BigNormalButton.swift; sourceTree = "<group>"; };
		934835A42A1EBD0100FEA301 /* MediumNormalButton.swift */ = {isa = PBXFileReference; lastKnownFileType = sourcecode.swift; path = MediumNormalButton.swift; sourceTree = "<group>"; };
		934835A62A1EC24600FEA301 /* SmallNormalButton.swift */ = {isa = PBXFileReference; lastKnownFileType = sourcecode.swift; path = SmallNormalButton.swift; sourceTree = "<group>"; };
		938E9ECF2A4B54FD00731AB9 /* BigFavoritesCard.swift */ = {isa = PBXFileReference; lastKnownFileType = sourcecode.swift; path = BigFavoritesCard.swift; sourceTree = "<group>"; };
		938E9ED12A4B5F2F00731AB9 /* SmallProposalsCard.swift */ = {isa = PBXFileReference; lastKnownFileType = sourcecode.swift; path = SmallProposalsCard.swift; sourceTree = "<group>"; };
		939600102A3B8BF60023337E /* AmentiesCard.swift */ = {isa = PBXFileReference; lastKnownFileType = sourcecode.swift; path = AmentiesCard.swift; sourceTree = "<group>"; };
		939600122A3B9A640023337E /* BigMainCard.swift */ = {isa = PBXFileReference; lastKnownFileType = sourcecode.swift; path = BigMainCard.swift; sourceTree = "<group>"; };
		93AF02812A53302200486DC3 /* AveragePropertyListCard.swift */ = {isa = PBXFileReference; lastKnownFileType = sourcecode.swift; path = AveragePropertyListCard.swift; sourceTree = "<group>"; };
		93AF02842A533BF900486DC3 /* LargeInputTextField.swift */ = {isa = PBXFileReference; lastKnownFileType = sourcecode.swift; path = LargeInputTextField.swift; sourceTree = "<group>"; };
		93D2871B2A265AEE00325143 /* RadioButton.swift */ = {isa = PBXFileReference; lastKnownFileType = sourcecode.swift; path = RadioButton.swift; sourceTree = "<group>"; };
		93D2871E2A265CB600325143 /* BigListOfValuesCard.swift */ = {isa = PBXFileReference; lastKnownFileType = sourcecode.swift; path = BigListOfValuesCard.swift; sourceTree = "<group>"; };
		93E49CF32A3C8E4200D2D7C2 /* BigVisitsCard.swift */ = {isa = PBXFileReference; lastKnownFileType = sourcecode.swift; path = BigVisitsCard.swift; sourceTree = "<group>"; };
		93E49CF52A3C929000D2D7C2 /* ShareButton.swift */ = {isa = PBXFileReference; lastKnownFileType = sourcecode.swift; path = ShareButton.swift; sourceTree = "<group>"; };
		93E49CF72A3C955F00D2D7C2 /* ProposalButton.swift */ = {isa = PBXFileReference; lastKnownFileType = sourcecode.swift; path = ProposalButton.swift; sourceTree = "<group>"; };
		93ED64F92A250EF000E6C29C /* ActionAllButton.swift */ = {isa = PBXFileReference; lastKnownFileType = sourcecode.swift; path = ActionAllButton.swift; sourceTree = "<group>"; };
		93ED64FB2A25138A00E6C29C /* IconsModel.swift */ = {isa = PBXFileReference; lastKnownFileType = sourcecode.swift; path = IconsModel.swift; sourceTree = "<group>"; };
		93ED64FF2A251EF000E6C29C /* FavoriteButton.swift */ = {isa = PBXFileReference; lastKnownFileType = sourcecode.swift; path = FavoriteButton.swift; sourceTree = "<group>"; };
		93ED65022A2527B200E6C29C /* CheckBoxButton.swift */ = {isa = PBXFileReference; lastKnownFileType = sourcecode.swift; path = CheckBoxButton.swift; sourceTree = "<group>"; };
/* End PBXFileReference section */

/* Begin PBXFrameworksBuildPhase section */
		934835892A1E868400FEA301 /* Frameworks */ = {
			isa = PBXFrameworksBuildPhase;
			buildActionMask = 2147483647;
			files = (
			);
			runOnlyForDeploymentPostprocessing = 0;
		};
/* End PBXFrameworksBuildPhase section */

/* Begin PBXGroup section */
		932DB9FA2A1FEADA00CA682E /* Normal */ = {
			isa = PBXGroup;
			children = (
				934835A12A1EAB1200FEA301 /* BigNormalButton.swift */,
				934835A62A1EC24600FEA301 /* SmallNormalButton.swift */,
				934835A42A1EBD0100FEA301 /* MediumNormalButton.swift */,
			);
			path = Normal;
			sourceTree = "<group>";
		};
		932DB9FB2A1FEAE400CA682E /* Outline */ = {
			isa = PBXGroup;
			children = (
				932DB9F82A1FE25F00CA682E /* MediumOutlineButton.swift */,
				932DB9F62A1FDB1000CA682E /* BigOutlineButton.swift */,
				932DB9FC2A1FEBC800CA682E /* SmallOutlineButton.swift */,
			);
			path = Outline;
			sourceTree = "<group>";
		};
		934835832A1E868400FEA301 = {
			isa = PBXGroup;
			children = (
				9348358E2A1E868400FEA301 /* Habita */,
				9348358D2A1E868400FEA301 /* Products */,
			);
			sourceTree = "<group>";
		};
		9348358D2A1E868400FEA301 /* Products */ = {
			isa = PBXGroup;
			children = (
				9348358C2A1E868400FEA301 /* Habita.app */,
			);
			name = Products;
			sourceTree = "<group>";
		};
		9348358E2A1E868400FEA301 /* Habita */ = {
			isa = PBXGroup;
			children = (
				93ED64FD2A25140A00E6C29C /* Assets */,
				934835A32A1EAB2600FEA301 /* Components */,
				9348359F2A1E8CC600FEA301 /* ViewModel */,
				9348359E2A1E8CC000FEA301 /* View */,
				9348359D2A1E8CB500FEA301 /* Model */,
				9348358F2A1E868400FEA301 /* HabitaApp.swift */,
				934835912A1E868400FEA301 /* ContentView.swift */,
				934835932A1E868500FEA301 /* Assets.xcassets */,
				934835952A1E868500FEA301 /* Preview Content */,
			);
			path = Habita;
			sourceTree = "<group>";
		};
		934835952A1E868500FEA301 /* Preview Content */ = {
			isa = PBXGroup;
			children = (
				934835962A1E868500FEA301 /* Preview Assets.xcassets */,
			);
			path = "Preview Content";
			sourceTree = "<group>";
		};
		9348359D2A1E8CB500FEA301 /* Model */ = {
			isa = PBXGroup;
			children = (
			);
			path = Model;
			sourceTree = "<group>";
		};
		9348359E2A1E8CC000FEA301 /* View */ = {
			isa = PBXGroup;
			children = (
			);
			path = View;
			sourceTree = "<group>";
		};
		9348359F2A1E8CC600FEA301 /* ViewModel */ = {
			isa = PBXGroup;
			children = (
			);
			path = ViewModel;
			sourceTree = "<group>";
		};
		934835A02A1EAAC900FEA301 /* Buttons */ = {
			isa = PBXGroup;
			children = (
				93ED64FE2A251E0400E6C29C /* Variants */,
				93ED64F82A250EBD00E6C29C /* Action */,
				932DB9FB2A1FEAE400CA682E /* Outline */,
				932DB9FA2A1FEADA00CA682E /* Normal */,
			);
			path = Buttons;
			sourceTree = "<group>";
		};
		934835A32A1EAB2600FEA301 /* Components */ = {
			isa = PBXGroup;
			children = (
				93AF02832A533BDB00486DC3 /* Inputs */,
				9396000F2A3B8BA00023337E /* Informations */,
				93D2871D2A265C7400325143 /* Cards */,
				934835A02A1EAAC900FEA301 /* Buttons */,
			);
			path = Components;
			sourceTree = "<group>";
		};
		938E9ED32A4B5F4F00731AB9 /* Big */ = {
			isa = PBXGroup;
			children = (
				938E9ECF2A4B54FD00731AB9 /* BigFavoritesCard.swift */,
				939600122A3B9A640023337E /* BigMainCard.swift */,
				93E49CF32A3C8E4200D2D7C2 /* BigVisitsCard.swift */,
				93D2871E2A265CB600325143 /* BigListOfValuesCard.swift */,
			);
			path = Big;
			sourceTree = "<group>";
		};
		938E9ED42A4B5F6A00731AB9 /* Small */ = {
			isa = PBXGroup;
			children = (
				938E9ED12A4B5F2F00731AB9 /* SmallProposalsCard.swift */,
			);
			path = Small;
			sourceTree = "<group>";
		};
		9396000F2A3B8BA00023337E /* Informations */ = {
			isa = PBXGroup;
			children = (
				939600102A3B8BF60023337E /* AmentiesCard.swift */,
				9347DD7C2A3CDA25002DD841 /* PropertyCode.swift */,
			);
			path = Informations;
			sourceTree = "<group>";
		};
		93AF02802A532E5300486DC3 /* Average */ = {
			isa = PBXGroup;
			children = (
				93AF02812A53302200486DC3 /* AveragePropertyListCard.swift */,
			);
			path = Average;
			sourceTree = "<group>";
		};
		93AF02832A533BDB00486DC3 /* Inputs */ = {
			isa = PBXGroup;
			children = (
				93AF02842A533BF900486DC3 /* LargeInputTextField.swift */,
			);
			path = Inputs;
			sourceTree = "<group>";
		};
		93D2871D2A265C7400325143 /* Cards */ = {
			isa = PBXGroup;
			children = (
				93AF02802A532E5300486DC3 /* Average */,
				938E9ED42A4B5F6A00731AB9 /* Small */,
				938E9ED32A4B5F4F00731AB9 /* Big */,
			);
			path = Cards;
			sourceTree = "<group>";
		};
		93ED64F82A250EBD00E6C29C /* Action */ = {
			isa = PBXGroup;
			children = (
				93ED64F92A250EF000E6C29C /* ActionAllButton.swift */,
				93E49CF72A3C955F00D2D7C2 /* ProposalButton.swift */,
			);
			path = Action;
			sourceTree = "<group>";
		};
		93ED64FD2A25140A00E6C29C /* Assets */ = {
			isa = PBXGroup;
			children = (
				93ED64FB2A25138A00E6C29C /* IconsModel.swift */,
			);
			path = Assets;
			sourceTree = "<group>";
		};
		93ED64FE2A251E0400E6C29C /* Variants */ = {
			isa = PBXGroup;
			children = (
				93ED64FF2A251EF000E6C29C /* FavoriteButton.swift */,
				93ED65022A2527B200E6C29C /* CheckBoxButton.swift */,
				93D2871B2A265AEE00325143 /* RadioButton.swift */,
				93E49CF52A3C929000D2D7C2 /* ShareButton.swift */,
			);
			path = Variants;
			sourceTree = "<group>";
		};
/* End PBXGroup section */

/* Begin PBXNativeTarget section */
		9348358B2A1E868400FEA301 /* Habita */ = {
			isa = PBXNativeTarget;
			buildConfigurationList = 9348359A2A1E868500FEA301 /* Build configuration list for PBXNativeTarget "Habita" */;
			buildPhases = (
				934835882A1E868400FEA301 /* Sources */,
				934835892A1E868400FEA301 /* Frameworks */,
				9348358A2A1E868400FEA301 /* Resources */,
			);
			buildRules = (
			);
			dependencies = (
			);
			name = Habita;
			productName = Habita;
			productReference = 9348358C2A1E868400FEA301 /* Habita.app */;
			productType = "com.apple.product-type.application";
		};
/* End PBXNativeTarget section */

/* Begin PBXProject section */
		934835842A1E868400FEA301 /* Project object */ = {
			isa = PBXProject;
			attributes = {
				BuildIndependentTargetsInParallel = 1;
				LastSwiftUpdateCheck = 1430;
				LastUpgradeCheck = 1430;
				TargetAttributes = {
					9348358B2A1E868400FEA301 = {
						CreatedOnToolsVersion = 14.3;
					};
				};
			};
			buildConfigurationList = 934835872A1E868400FEA301 /* Build configuration list for PBXProject "Habita" */;
			compatibilityVersion = "Xcode 14.0";
			developmentRegion = en;
			hasScannedForEncodings = 0;
			knownRegions = (
				en,
				Base,
			);
			mainGroup = 934835832A1E868400FEA301;
			productRefGroup = 9348358D2A1E868400FEA301 /* Products */;
			projectDirPath = "";
			projectRoot = "";
			targets = (
				9348358B2A1E868400FEA301 /* Habita */,
			);
		};
/* End PBXProject section */

/* Begin PBXResourcesBuildPhase section */
		9348358A2A1E868400FEA301 /* Resources */ = {
			isa = PBXResourcesBuildPhase;
			buildActionMask = 2147483647;
			files = (
				934835972A1E868500FEA301 /* Preview Assets.xcassets in Resources */,
				934835942A1E868500FEA301 /* Assets.xcassets in Resources */,
			);
			runOnlyForDeploymentPostprocessing = 0;
		};
/* End PBXResourcesBuildPhase section */

/* Begin PBXSourcesBuildPhase section */
		934835882A1E868400FEA301 /* Sources */ = {
			isa = PBXSourcesBuildPhase;
			buildActionMask = 2147483647;
			files = (
				932DB9FD2A1FEBC800CA682E /* SmallOutlineButton.swift in Sources */,
				93D2871C2A265AEE00325143 /* RadioButton.swift in Sources */,
				934835922A1E868400FEA301 /* ContentView.swift in Sources */,
				932DB9F72A1FDB1000CA682E /* BigOutlineButton.swift in Sources */,
				93E49CF82A3C955F00D2D7C2 /* ProposalButton.swift in Sources */,
				93D2871F2A265CB600325143 /* BigListOfValuesCard.swift in Sources */,
				934835A52A1EBD0100FEA301 /* MediumNormalButton.swift in Sources */,
				932DB9F92A1FE25F00CA682E /* MediumOutlineButton.swift in Sources */,
				93AF02822A53302200486DC3 /* AveragePropertyListCard.swift in Sources */,
				938E9ED02A4B54FD00731AB9 /* BigFavoritesCard.swift in Sources */,
				939600132A3B9A640023337E /* BigMainCard.swift in Sources */,
				939600112A3B8BF60023337E /* AmentiesCard.swift in Sources */,
				93E49CF62A3C929000D2D7C2 /* ShareButton.swift in Sources */,
				934835A22A1EAB1200FEA301 /* BigNormalButton.swift in Sources */,
				934835A72A1EC24600FEA301 /* SmallNormalButton.swift in Sources */,
				93ED64FC2A25138A00E6C29C /* IconsModel.swift in Sources */,
				93AF02852A533BF900486DC3 /* LargeInputTextField.swift in Sources */,
				934835902A1E868400FEA301 /* HabitaApp.swift in Sources */,
				93ED65002A251EF000E6C29C /* FavoriteButton.swift in Sources */,
				93ED65032A2527B200E6C29C /* CheckBoxButton.swift in Sources */,
				9347DD7D2A3CDA25002DD841 /* PropertyCode.swift in Sources */,
				938E9ED22A4B5F2F00731AB9 /* SmallProposalsCard.swift in Sources */,
				93ED64FA2A250EF000E6C29C /* ActionAllButton.swift in Sources */,
				93E49CF42A3C8E4200D2D7C2 /* BigVisitsCard.swift in Sources */,
			);
			runOnlyForDeploymentPostprocessing = 0;
		};
/* End PBXSourcesBuildPhase section */

/* Begin XCBuildConfiguration section */
		934835982A1E868500FEA301 /* Debug */ = {
			isa = XCBuildConfiguration;
			buildSettings = {
				ALWAYS_SEARCH_USER_PATHS = NO;
				CLANG_ANALYZER_NONNULL = YES;
				CLANG_ANALYZER_NUMBER_OBJECT_CONVERSION = YES_AGGRESSIVE;
				CLANG_CXX_LANGUAGE_STANDARD = "gnu++20";
				CLANG_ENABLE_MODULES = YES;
				CLANG_ENABLE_OBJC_ARC = YES;
				CLANG_ENABLE_OBJC_WEAK = YES;
				CLANG_WARN_BLOCK_CAPTURE_AUTORELEASING = YES;
				CLANG_WARN_BOOL_CONVERSION = YES;
				CLANG_WARN_COMMA = YES;
				CLANG_WARN_CONSTANT_CONVERSION = YES;
				CLANG_WARN_DEPRECATED_OBJC_IMPLEMENTATIONS = YES;
				CLANG_WARN_DIRECT_OBJC_ISA_USAGE = YES_ERROR;
				CLANG_WARN_DOCUMENTATION_COMMENTS = YES;
				CLANG_WARN_EMPTY_BODY = YES;
				CLANG_WARN_ENUM_CONVERSION = YES;
				CLANG_WARN_INFINITE_RECURSION = YES;
				CLANG_WARN_INT_CONVERSION = YES;
				CLANG_WARN_NON_LITERAL_NULL_CONVERSION = YES;
				CLANG_WARN_OBJC_IMPLICIT_RETAIN_SELF = YES;
				CLANG_WARN_OBJC_LITERAL_CONVERSION = YES;
				CLANG_WARN_OBJC_ROOT_CLASS = YES_ERROR;
				CLANG_WARN_QUOTED_INCLUDE_IN_FRAMEWORK_HEADER = YES;
				CLANG_WARN_RANGE_LOOP_ANALYSIS = YES;
				CLANG_WARN_STRICT_PROTOTYPES = YES;
				CLANG_WARN_SUSPICIOUS_MOVE = YES;
				CLANG_WARN_UNGUARDED_AVAILABILITY = YES_AGGRESSIVE;
				CLANG_WARN_UNREACHABLE_CODE = YES;
				CLANG_WARN__DUPLICATE_METHOD_MATCH = YES;
				COPY_PHASE_STRIP = NO;
				DEBUG_INFORMATION_FORMAT = dwarf;
				ENABLE_STRICT_OBJC_MSGSEND = YES;
				ENABLE_TESTABILITY = YES;
				GCC_C_LANGUAGE_STANDARD = gnu11;
				GCC_DYNAMIC_NO_PIC = NO;
				GCC_NO_COMMON_BLOCKS = YES;
				GCC_OPTIMIZATION_LEVEL = 0;
				GCC_PREPROCESSOR_DEFINITIONS = (
					"DEBUG=1",
					"$(inherited)",
				);
				GCC_WARN_64_TO_32_BIT_CONVERSION = YES;
				GCC_WARN_ABOUT_RETURN_TYPE = YES_ERROR;
				GCC_WARN_UNDECLARED_SELECTOR = YES;
				GCC_WARN_UNINITIALIZED_AUTOS = YES_AGGRESSIVE;
				GCC_WARN_UNUSED_FUNCTION = YES;
				GCC_WARN_UNUSED_VARIABLE = YES;
				IPHONEOS_DEPLOYMENT_TARGET = 16.4;
				MTL_ENABLE_DEBUG_INFO = INCLUDE_SOURCE;
				MTL_FAST_MATH = YES;
				ONLY_ACTIVE_ARCH = YES;
				SDKROOT = iphoneos;
				SWIFT_ACTIVE_COMPILATION_CONDITIONS = DEBUG;
				SWIFT_OPTIMIZATION_LEVEL = "-Onone";
			};
			name = Debug;
		};
		934835992A1E868500FEA301 /* Release */ = {
			isa = XCBuildConfiguration;
			buildSettings = {
				ALWAYS_SEARCH_USER_PATHS = NO;
				CLANG_ANALYZER_NONNULL = YES;
				CLANG_ANALYZER_NUMBER_OBJECT_CONVERSION = YES_AGGRESSIVE;
				CLANG_CXX_LANGUAGE_STANDARD = "gnu++20";
				CLANG_ENABLE_MODULES = YES;
				CLANG_ENABLE_OBJC_ARC = YES;
				CLANG_ENABLE_OBJC_WEAK = YES;
				CLANG_WARN_BLOCK_CAPTURE_AUTORELEASING = YES;
				CLANG_WARN_BOOL_CONVERSION = YES;
				CLANG_WARN_COMMA = YES;
				CLANG_WARN_CONSTANT_CONVERSION = YES;
				CLANG_WARN_DEPRECATED_OBJC_IMPLEMENTATIONS = YES;
				CLANG_WARN_DIRECT_OBJC_ISA_USAGE = YES_ERROR;
				CLANG_WARN_DOCUMENTATION_COMMENTS = YES;
				CLANG_WARN_EMPTY_BODY = YES;
				CLANG_WARN_ENUM_CONVERSION = YES;
				CLANG_WARN_INFINITE_RECURSION = YES;
				CLANG_WARN_INT_CONVERSION = YES;
				CLANG_WARN_NON_LITERAL_NULL_CONVERSION = YES;
				CLANG_WARN_OBJC_IMPLICIT_RETAIN_SELF = YES;
				CLANG_WARN_OBJC_LITERAL_CONVERSION = YES;
				CLANG_WARN_OBJC_ROOT_CLASS = YES_ERROR;
				CLANG_WARN_QUOTED_INCLUDE_IN_FRAMEWORK_HEADER = YES;
				CLANG_WARN_RANGE_LOOP_ANALYSIS = YES;
				CLANG_WARN_STRICT_PROTOTYPES = YES;
				CLANG_WARN_SUSPICIOUS_MOVE = YES;
				CLANG_WARN_UNGUARDED_AVAILABILITY = YES_AGGRESSIVE;
				CLANG_WARN_UNREACHABLE_CODE = YES;
				CLANG_WARN__DUPLICATE_METHOD_MATCH = YES;
				COPY_PHASE_STRIP = NO;
				DEBUG_INFORMATION_FORMAT = "dwarf-with-dsym";
				ENABLE_NS_ASSERTIONS = NO;
				ENABLE_STRICT_OBJC_MSGSEND = YES;
				GCC_C_LANGUAGE_STANDARD = gnu11;
				GCC_NO_COMMON_BLOCKS = YES;
				GCC_WARN_64_TO_32_BIT_CONVERSION = YES;
				GCC_WARN_ABOUT_RETURN_TYPE = YES_ERROR;
				GCC_WARN_UNDECLARED_SELECTOR = YES;
				GCC_WARN_UNINITIALIZED_AUTOS = YES_AGGRESSIVE;
				GCC_WARN_UNUSED_FUNCTION = YES;
				GCC_WARN_UNUSED_VARIABLE = YES;
				IPHONEOS_DEPLOYMENT_TARGET = 16.4;
				MTL_ENABLE_DEBUG_INFO = NO;
				MTL_FAST_MATH = YES;
				SDKROOT = iphoneos;
				SWIFT_COMPILATION_MODE = wholemodule;
				SWIFT_OPTIMIZATION_LEVEL = "-O";
				VALIDATE_PRODUCT = YES;
			};
			name = Release;
		};
		9348359B2A1E868500FEA301 /* Debug */ = {
			isa = XCBuildConfiguration;
			buildSettings = {
				ASSETCATALOG_COMPILER_APPICON_NAME = AppIcon;
				ASSETCATALOG_COMPILER_GLOBAL_ACCENT_COLOR_NAME = AccentColor;
				CODE_SIGN_STYLE = Automatic;
				CURRENT_PROJECT_VERSION = 1;
				DEVELOPMENT_ASSET_PATHS = "\"Habita/Preview Content\"";
				DEVELOPMENT_TEAM = 2WUBK8ZL5T;
				ENABLE_PREVIEWS = YES;
				GENERATE_INFOPLIST_FILE = YES;
				INFOPLIST_KEY_UIApplicationSceneManifest_Generation = YES;
				INFOPLIST_KEY_UIApplicationSupportsIndirectInputEvents = YES;
				INFOPLIST_KEY_UILaunchScreen_Generation = YES;
				INFOPLIST_KEY_UISupportedInterfaceOrientations_iPad = "UIInterfaceOrientationPortrait UIInterfaceOrientationPortraitUpsideDown UIInterfaceOrientationLandscapeLeft UIInterfaceOrientationLandscapeRight";
				INFOPLIST_KEY_UISupportedInterfaceOrientations_iPhone = "UIInterfaceOrientationPortrait UIInterfaceOrientationLandscapeLeft UIInterfaceOrientationLandscapeRight";
				LD_RUNPATH_SEARCH_PATHS = (
					"$(inherited)",
					"@executable_path/Frameworks",
				);
				MARKETING_VERSION = 1.0;
				PRODUCT_BUNDLE_IDENTIFIER = danielly.Habita;
				PRODUCT_NAME = "$(TARGET_NAME)";
				SWIFT_EMIT_LOC_STRINGS = YES;
				SWIFT_VERSION = 5.0;
				TARGETED_DEVICE_FAMILY = "1,2";
			};
			name = Debug;
		};
		9348359C2A1E868500FEA301 /* Release */ = {
			isa = XCBuildConfiguration;
			buildSettings = {
				ASSETCATALOG_COMPILER_APPICON_NAME = AppIcon;
				ASSETCATALOG_COMPILER_GLOBAL_ACCENT_COLOR_NAME = AccentColor;
				CODE_SIGN_STYLE = Automatic;
				CURRENT_PROJECT_VERSION = 1;
				DEVELOPMENT_ASSET_PATHS = "\"Habita/Preview Content\"";
				DEVELOPMENT_TEAM = 2WUBK8ZL5T;
				ENABLE_PREVIEWS = YES;
				GENERATE_INFOPLIST_FILE = YES;
				INFOPLIST_KEY_UIApplicationSceneManifest_Generation = YES;
				INFOPLIST_KEY_UIApplicationSupportsIndirectInputEvents = YES;
				INFOPLIST_KEY_UILaunchScreen_Generation = YES;
				INFOPLIST_KEY_UISupportedInterfaceOrientations_iPad = "UIInterfaceOrientationPortrait UIInterfaceOrientationPortraitUpsideDown UIInterfaceOrientationLandscapeLeft UIInterfaceOrientationLandscapeRight";
				INFOPLIST_KEY_UISupportedInterfaceOrientations_iPhone = "UIInterfaceOrientationPortrait UIInterfaceOrientationLandscapeLeft UIInterfaceOrientationLandscapeRight";
				LD_RUNPATH_SEARCH_PATHS = (
					"$(inherited)",
					"@executable_path/Frameworks",
				);
				MARKETING_VERSION = 1.0;
				PRODUCT_BUNDLE_IDENTIFIER = danielly.Habita;
				PRODUCT_NAME = "$(TARGET_NAME)";
				SWIFT_EMIT_LOC_STRINGS = YES;
				SWIFT_VERSION = 5.0;
				TARGETED_DEVICE_FAMILY = "1,2";
			};
			name = Release;
		};
/* End XCBuildConfiguration section */

/* Begin XCConfigurationList section */
		934835872A1E868400FEA301 /* Build configuration list for PBXProject "Habita" */ = {
			isa = XCConfigurationList;
			buildConfigurations = (
				934835982A1E868500FEA301 /* Debug */,
				934835992A1E868500FEA301 /* Release */,
			);
			defaultConfigurationIsVisible = 0;
			defaultConfigurationName = Release;
		};
		9348359A2A1E868500FEA301 /* Build configuration list for PBXNativeTarget "Habita" */ = {
			isa = XCConfigurationList;
			buildConfigurations = (
				9348359B2A1E868500FEA301 /* Debug */,
				9348359C2A1E868500FEA301 /* Release */,
			);
			defaultConfigurationIsVisible = 0;
			defaultConfigurationName = Release;
		};
/* End XCConfigurationList section */
	};
	rootObject = 934835842A1E868400FEA301 /* Project object */;
}
